{
  "requires": true,
  "lockfileVersion": 1,
  "dependencies": {
    "@angular/core": {
      "version": "4.3.4",
      "resolved": "https://registry.npmjs.org/@angular/core/-/core-4.3.4.tgz",
      "integrity": "sha1-Qt2ARmAPWggKThISEWsS/pe8/LQ=",
      "requires": {
        "tslib": "1.7.1"
      }
    },
    "@angular/http": {
      "version": "4.3.4",
      "resolved": "https://registry.npmjs.org/@angular/http/-/http-4.3.4.tgz",
      "integrity": "sha1-diy3wDIFn0Hf0FU/V06c4NXswKk=",
      "requires": {
        "tslib": "1.7.1"
      }
    },
    "angular-jwt": {
      "version": "0.1.9",
      "resolved": "https://registry.npmjs.org/angular-jwt/-/angular-jwt-0.1.9.tgz",
      "integrity": "sha1-24vPGPBapXMgrC/aFh1+liLAmcM="
    },
    "angular2-jwt": {
      "version": "0.2.3",
      "resolved": "https://registry.npmjs.org/angular2-jwt/-/angular2-jwt-0.2.3.tgz",
      "integrity": "sha1-VO/do87tuoX2o3sWXyKsIrit8CE="
    },
    "tslib": {
      "version": "1.7.1",
      "resolved": "https://registry.npmjs.org/tslib/-/tslib-1.7.1.tgz",
      "integrity": "sha1-vIAEFkaRkjp5/oN4u+s9ogF1OOw="
    }
  }
}
